
Microsoft Visual Studio Solution File, Format Version 12.00
# Visual Studio 14
VisualStudioVersion = 14.0.24720.0
MinimumVisualStudioVersion = 10.0.40219.1
Project("{FAE04EC0-301F-11D3-BF4B-00C04F79EFBC}") = "ForumApp.Web", "ForumApp\ForumApp.Web.csproj", "{7F325729-F6F1-489A-B0B1-CCE0B8C367CF}"
EndProject
Project("{FAE04EC0-301F-11D3-BF4B-00C04F79EFBC}") = "ForumApp.DataModel", "ForumApp.DataModel\ForumApp.DataModel.csproj", "{91BBE904-F187-4FF3-BC22-3B54802A341C}"
EndProject
Project("{FAE04EC0-301F-11D3-BF4B-00C04F79EFBC}") = "ForumApp.Services", "ForumApp.Services\ForumApp.Services.csproj", "{AAB1EEFE-DAA7-4B62-94A5-E3A8FB5906A7}"
EndProject
Project("{FAE04EC0-301F-11D3-BF4B-00C04F79EFBC}") = "ForumApp.Common", "ForumApp.Common\ForumApp.Common.csproj", "{899A500A-D7D8-4963-B2CE-78513C5E03E4}"
EndProject
Project("{00D1A9C2-B5F0-4AF3-8072-F6C62B433612}") = "ForumApp.Database", "ForumApp.Database\ForumApp.Database.sqlproj", "{4E898B6F-B66E-46EB-A302-2BF7D845839D}"
EndProject
Project("{FAE04EC0-301F-11D3-BF4B-00C04F79EFBC}") = "ForumApp.Common.Test", "ForumApp.Common.Test\ForumApp.Common.Test.csproj", "{CFDA6D3F-1166-4F2A-9BD4-653CBF04726A}"
EndProject
Project("{FAE04EC0-301F-11D3-BF4B-00C04F79EFBC}") = "ForumApp.DataModel.Test", "ForumApp.DataModel.Test\ForumApp.DataModel.Test.csproj", "{7884258E-DCA2-463C-85A0-759EE080384E}"
EndProject
Project("{FAE04EC0-301F-11D3-BF4B-00C04F79EFBC}") = "ForumApp.Services.Test", "ForumApp.Services.Test\ForumApp.Services.Test.csproj", "{EA28F48D-38AF-425B-A5B1-14E3DA6C1057}"
EndProject
Project("{FAE04EC0-301F-11D3-BF4B-00C04F79EFBC}") = "ForumApp.Integration", "ForumApp.Integration\ForumApp.Integration.csproj", "{5D2934EB-6774-4903-BF6F-9711C4AA0623}"
EndProject
Global
	GlobalSection(SolutionConfigurationPlatforms) = preSolution
		Debug|Any CPU = Debug|Any CPU
		Release|Any CPU = Release|Any CPU
	EndGlobalSection
	GlobalSection(ProjectConfigurationPlatforms) = postSolution
		{7F325729-F6F1-489A-B0B1-CCE0B8C367CF}.Debug|Any CPU.ActiveCfg = Debug|Any CPU
		{7F325729-F6F1-489A-B0B1-CCE0B8C367CF}.Debug|Any CPU.Build.0 = Debug|Any CPU
		{7F325729-F6F1-489A-B0B1-CCE0B8C367CF}.Release|Any CPU.ActiveCfg = Release|Any CPU
		{7F325729-F6F1-489A-B0B1-CCE0B8C367CF}.Release|Any CPU.Build.0 = Release|Any CPU
		{91BBE904-F187-4FF3-BC22-3B54802A341C}.Debug|Any CPU.ActiveCfg = Debug|Any CPU
		{91BBE904-F187-4FF3-BC22-3B54802A341C}.Debug|Any CPU.Build.0 = Debug|Any CPU
		{91BBE904-F187-4FF3-BC22-3B54802A341C}.Release|Any CPU.ActiveCfg = Release|Any CPU
		{91BBE904-F187-4FF3-BC22-3B54802A341C}.Release|Any CPU.Build.0 = Release|Any CPU
		{AAB1EEFE-DAA7-4B62-94A5-E3A8FB5906A7}.Debug|Any CPU.ActiveCfg = Debug|Any CPU
		{AAB1EEFE-DAA7-4B62-94A5-E3A8FB5906A7}.Debug|Any CPU.Build.0 = Debug|Any CPU
		{AAB1EEFE-DAA7-4B62-94A5-E3A8FB5906A7}.Release|Any CPU.ActiveCfg = Release|Any CPU
		{AAB1EEFE-DAA7-4B62-94A5-E3A8FB5906A7}.Release|Any CPU.Build.0 = Release|Any CPU
		{899A500A-D7D8-4963-B2CE-78513C5E03E4}.Debug|Any CPU.ActiveCfg = Debug|Any CPU
		{899A500A-D7D8-4963-B2CE-78513C5E03E4}.Debug|Any CPU.Build.0 = Debug|Any CPU
		{899A500A-D7D8-4963-B2CE-78513C5E03E4}.Release|Any CPU.ActiveCfg = Release|Any CPU
		{899A500A-D7D8-4963-B2CE-78513C5E03E4}.Release|Any CPU.Build.0 = Release|Any CPU
		{4E898B6F-B66E-46EB-A302-2BF7D845839D}.Debug|Any CPU.ActiveCfg = Debug|Any CPU
		{4E898B6F-B66E-46EB-A302-2BF7D845839D}.Debug|Any CPU.Build.0 = Debug|Any CPU
		{4E898B6F-B66E-46EB-A302-2BF7D845839D}.Debug|Any CPU.Deploy.0 = Debug|Any CPU
		{4E898B6F-B66E-46EB-A302-2BF7D845839D}.Release|Any CPU.ActiveCfg = Release|Any CPU
		{4E898B6F-B66E-46EB-A302-2BF7D845839D}.Release|Any CPU.Build.0 = Release|Any CPU
		{4E898B6F-B66E-46EB-A302-2BF7D845839D}.Release|Any CPU.Deploy.0 = Release|Any CPU
		{CFDA6D3F-1166-4F2A-9BD4-653CBF04726A}.Debug|Any CPU.ActiveCfg = Debug|Any CPU
		{CFDA6D3F-1166-4F2A-9BD4-653CBF04726A}.Debug|Any CPU.Build.0 = Debug|Any CPU
		{CFDA6D3F-1166-4F2A-9BD4-653CBF04726A}.Release|Any CPU.ActiveCfg = Release|Any CPU
		{CFDA6D3F-1166-4F2A-9BD4-653CBF04726A}.Release|Any CPU.Build.0 = Release|Any CPU
		{7884258E-DCA2-463C-85A0-759EE080384E}.Debug|Any CPU.ActiveCfg = Debug|Any CPU
		{7884258E-DCA2-463C-85A0-759EE080384E}.Debug|Any CPU.Build.0 = Debug|Any CPU
		{7884258E-DCA2-463C-85A0-759EE080384E}.Release|Any CPU.ActiveCfg = Release|Any CPU
		{7884258E-DCA2-463C-85A0-759EE080384E}.Release|Any CPU.Build.0 = Release|Any CPU
		{EA28F48D-38AF-425B-A5B1-14E3DA6C1057}.Debug|Any CPU.ActiveCfg = Debug|Any CPU
		{EA28F48D-38AF-425B-A5B1-14E3DA6C1057}.Debug|Any CPU.Build.0 = Debug|Any CPU
		{EA28F48D-38AF-425B-A5B1-14E3DA6C1057}.Release|Any CPU.ActiveCfg = Release|Any CPU
		{EA28F48D-38AF-425B-A5B1-14E3DA6C1057}.Release|Any CPU.Build.0 = Release|Any CPU
		{5D2934EB-6774-4903-BF6F-9711C4AA0623}.Debug|Any CPU.ActiveCfg = Debug|Any CPU
		{5D2934EB-6774-4903-BF6F-9711C4AA0623}.Debug|Any CPU.Build.0 = Debug|Any CPU
		{5D2934EB-6774-4903-BF6F-9711C4AA0623}.Release|Any CPU.ActiveCfg = Release|Any CPU
		{5D2934EB-6774-4903-BF6F-9711C4AA0623}.Release|Any CPU.Build.0 = Release|Any CPU
	EndGlobalSection
	GlobalSection(SolutionProperties) = preSolution
		HideSolutionNode = FALSE
	EndGlobalSection
EndGlobal
